<Solution>
  <Configurations>
    <Platform Name="ARM" />
    <Platform Name="ARM64" />
    <Platform Name="x64" />
    <Platform Name="x86" />
  </Configurations>
  <Project Path="RemoteFunctionStomping.vcxproj" Id="d48845e0-45df-4edd-81b8-598a70b5b6e8">
    <Platform Solution="*|x86" Project="x86" />
    <Deploy />
  </Project>
</Solution>
